
Microsoft Visual Studio Solution File, Format Version 12.00
# Visual Studio Version 17
VisualStudioVersion = 17.0.32014.148
MinimumVisualStudioVersion = 10.0.40219.1
Project("{9A19103F-16F7-4668-BE54-9A1E7A4F7556}") = "AMS.Server", "AMS\Server\AMS.Server.csproj", "{DA34D1D7-C551-40A8-B2CE-45524F414E80}"
EndProject
Project("{9A19103F-16F7-4668-BE54-9A1E7A4F7556}") = "AMS.Client", "AMS\Client\AMS.Client.csproj", "{5315BEA1-2170-456F-83B2-E94BAF5E1374}"
EndProject
Project("{9A19103F-16F7-4668-BE54-9A1E7A4F7556}") = "AMS.Shared", "AMS\Shared\AMS.Shared.csproj", "{751A3D98-0747-4B19-B4B6-0239735AE0A8}"
EndProject
Global
	GlobalSection(SolutionConfigurationPlatforms) = preSolution
		Debug|Any CPU = Debug|Any CPU
		Release|Any CPU = Release|Any CPU
	EndGlobalSection
	GlobalSection(ProjectConfigurationPlatforms) = postSolution
		{DA34D1D7-C551-40A8-B2CE-45524F414E80}.Debug|Any CPU.ActiveCfg = Debug|Any CPU
		{DA34D1D7-C551-40A8-B2CE-45524F414E80}.Debug|Any CPU.Build.0 = Debug|Any CPU
		{DA34D1D7-C551-40A8-B2CE-45524F414E80}.Release|Any CPU.ActiveCfg = Release|Any CPU
		{DA34D1D7-C551-40A8-B2CE-45524F414E80}.Release|Any CPU.Build.0 = Release|Any CPU
		{5315BEA1-2170-456F-83B2-E94BAF5E1374}.Debug|Any CPU.ActiveCfg = Debug|Any CPU
		{5315BEA1-2170-456F-83B2-E94BAF5E1374}.Debug|Any CPU.Build.0 = Debug|Any CPU
		{5315BEA1-2170-456F-83B2-E94BAF5E1374}.Release|Any CPU.ActiveCfg = Release|Any CPU
		{5315BEA1-2170-456F-83B2-E94BAF5E1374}.Release|Any CPU.Build.0 = Release|Any CPU
		{751A3D98-0747-4B19-B4B6-0239735AE0A8}.Debug|Any CPU.ActiveCfg = Debug|Any CPU
		{751A3D98-0747-4B19-B4B6-0239735AE0A8}.Debug|Any CPU.Build.0 = Debug|Any CPU
		{751A3D98-0747-4B19-B4B6-0239735AE0A8}.Release|Any CPU.ActiveCfg = Release|Any CPU
		{751A3D98-0747-4B19-B4B6-0239735AE0A8}.Release|Any CPU.Build.0 = Release|Any CPU
	EndGlobalSection
	GlobalSection(SolutionProperties) = preSolution
		HideSolutionNode = FALSE
	EndGlobalSection
	GlobalSection(ExtensibilityGlobals) = postSolution
		SolutionGuid = {DD550B02-0370-4C90-AD41-EE463B25713C}
	EndGlobalSection
EndGlobal
